
Microsoft Visual Studio Solution File, Format Version 12.00
# Visual Studio Version 17
VisualStudioVersion = 17.6.33815.320
MinimumVisualStudioVersion = 10.0.40219.1
Project("{FAE04EC0-301F-11D3-BF4B-00C04F79EFBC}") = "Phase3Section2.12", "Phase3Section2.12\Phase3Section2.12.csproj", "{8A716178-3853-444B-BB10-4B4C0A9DC530}"
EndProject
Global
	GlobalSection(SolutionConfigurationPlatforms) = preSolution
		Debug|Any CPU = Debug|Any CPU
		Release|Any CPU = Release|Any CPU
	EndGlobalSection
	GlobalSection(ProjectConfigurationPlatforms) = postSolution
		{8A716178-3853-444B-BB10-4B4C0A9DC530}.Debug|Any CPU.ActiveCfg = Debug|Any CPU
		{8A716178-3853-444B-BB10-4B4C0A9DC530}.Debug|Any CPU.Build.0 = Debug|Any CPU
		{8A716178-3853-444B-BB10-4B4C0A9DC530}.Release|Any CPU.ActiveCfg = Release|Any CPU
		{8A716178-3853-444B-BB10-4B4C0A9DC530}.Release|Any CPU.Build.0 = Release|Any CPU
	EndGlobalSection
	GlobalSection(SolutionProperties) = preSolution
		HideSolutionNode = FALSE
	EndGlobalSection
	GlobalSection(ExtensibilityGlobals) = postSolution
		SolutionGuid = {1FE63008-DF97-4599-B6EA-B2C1FE75A2C3}
	EndGlobalSection
EndGlobal
